// !$*UTF8*$!
{
	archiveVersion = 1;
	classes = {
	};
	objectVersion = 52;
	objects = {

/* Begin PBXBuildFile section */
		D1157A4F24BE0E9E00C7AC8B /* ShareSheet.swift in Sources */ = {isa = PBXBuildFile; fileRef = D1157A4E24BE0E9E00C7AC8B /* ShareSheet.swift */; };
		D149A7AB24B9ADE50051F9D5 /* GPXDetailView.swift in Sources */ = {isa = PBXBuildFile; fileRef = D149A7AA24B9ADE50051F9D5 /* GPXDetailView.swift */; };
		D14FEE1A24D6B9A5005C449A /* MapPreviewView.swift in Sources */ = {isa = PBXBuildFile; fileRef = D14FEE1924D6B9A5005C449A /* MapPreviewView.swift */; };
		D163DE4724CC30FE00A74A56 /* PointProtocol.swift in Sources */ = {isa = PBXBuildFile; fileRef = D163DE4624CC30FE00A74A56 /* PointProtocol.swift */; };
		D163DE4824CC30FE00A74A56 /* PointProtocol.swift in Sources */ = {isa = PBXBuildFile; fileRef = D163DE4624CC30FE00A74A56 /* PointProtocol.swift */; };
		D163DE4B24D6030900A74A56 /* TabTopView.swift in Sources */ = {isa = PBXBuildFile; fileRef = D163DE4A24D6030900A74A56 /* TabTopView.swift */; };
		D18D361B24BF6098009668DB /* CreateTrackerView.swift in Sources */ = {isa = PBXBuildFile; fileRef = D18D361A24BF6098009668DB /* CreateTrackerView.swift */; };
		D19A168624C78D1D0031F031 /* GPXEntity+CoreDataProperties.swift in Sources */ = {isa = PBXBuildFile; fileRef = D19A168524C78D1D0031F031 /* GPXEntity+CoreDataProperties.swift */; };
		D19A168724C78D1D0031F031 /* GPXEntity+CoreDataProperties.swift in Sources */ = {isa = PBXBuildFile; fileRef = D19A168524C78D1D0031F031 /* GPXEntity+CoreDataProperties.swift */; };
		D1A6A2B0251F823900995952 /* CoreGPX in Frameworks */ = {isa = PBXBuildFile; productRef = D1A6A2AF251F823900995952 /* CoreGPX */; };
		D1A6A2B7251F825800995952 /* CoreGPX in Frameworks */ = {isa = PBXBuildFile; productRef = D1A6A2B6251F825800995952 /* CoreGPX */; };
		D1B45B1124B05B72004FA0D3 /* Tests_iOS.swift in Sources */ = {isa = PBXBuildFile; fileRef = D1B45B1024B05B72004FA0D3 /* Tests_iOS.swift */; };
		D1B45B1C24B05B72004FA0D3 /* Tests_macOS.swift in Sources */ = {isa = PBXBuildFile; fileRef = D1B45B1B24B05B72004FA0D3 /* Tests_macOS.swift */; };
		D1B45B1E24B05B72004FA0D3 /* GeoTracker_SwiftUIApp.swift in Sources */ = {isa = PBXBuildFile; fileRef = D1B45AF524B05B71004FA0D3 /* GeoTracker_SwiftUIApp.swift */; };
		D1B45B1F24B05B72004FA0D3 /* GeoTracker_SwiftUIApp.swift in Sources */ = {isa = PBXBuildFile; fileRef = D1B45AF524B05B71004FA0D3 /* GeoTracker_SwiftUIApp.swift */; };
		D1B45B2024B05B72004FA0D3 /* ContentView.swift in Sources */ = {isa = PBXBuildFile; fileRef = D1B45AF624B05B71004FA0D3 /* ContentView.swift */; };
		D1B45B2124B05B72004FA0D3 /* ContentView.swift in Sources */ = {isa = PBXBuildFile; fileRef = D1B45AF624B05B71004FA0D3 /* ContentView.swift */; };
		D1B45B2224B05B72004FA0D3 /* Assets.xcassets in Resources */ = {isa = PBXBuildFile; fileRef = D1B45AF724B05B72004FA0D3 /* Assets.xcassets */; };
		D1B45B2324B05B72004FA0D3 /* Assets.xcassets in Resources */ = {isa = PBXBuildFile; fileRef = D1B45AF724B05B72004FA0D3 /* Assets.xcassets */; };
		D1B45B4F24B05C0A004FA0D3 /* TrackerDataModel.xcdatamodeld in Sources */ = {isa = PBXBuildFile; fileRef = D1B45B4724B05C09004FA0D3 /* TrackerDataModel.xcdatamodeld */; };
		D1B45B5024B05C0A004FA0D3 /* TrackerDataModel.xcdatamodeld in Sources */ = {isa = PBXBuildFile; fileRef = D1B45B4724B05C09004FA0D3 /* TrackerDataModel.xcdatamodeld */; };
		D1B45B6024B05C41004FA0D3 /* TrackerRecordManager.swift in Sources */ = {isa = PBXBuildFile; fileRef = D1B45B5C24B05C41004FA0D3 /* TrackerRecordManager.swift */; };
		D1B45B6124B05C41004FA0D3 /* TrackerRecordManager.swift in Sources */ = {isa = PBXBuildFile; fileRef = D1B45B5C24B05C41004FA0D3 /* TrackerRecordManager.swift */; };
		D1B45B6224B05C41004FA0D3 /* GPXParseManager.swift in Sources */ = {isa = PBXBuildFile; fileRef = D1B45B5D24B05C41004FA0D3 /* GPXParseManager.swift */; };
		D1B45B6324B05C41004FA0D3 /* GPXParseManager.swift in Sources */ = {isa = PBXBuildFile; fileRef = D1B45B5D24B05C41004FA0D3 /* GPXParseManager.swift */; };
		D1B45B6424B05C41004FA0D3 /* CoreDataManager.swift in Sources */ = {isa = PBXBuildFile; fileRef = D1B45B5E24B05C41004FA0D3 /* CoreDataManager.swift */; };
		D1B45B6524B05C41004FA0D3 /* CoreDataManager.swift in Sources */ = {isa = PBXBuildFile; fileRef = D1B45B5E24B05C41004FA0D3 /* CoreDataManager.swift */; };
		D1B45B6624B05C41004FA0D3 /* LocationManager.swift in Sources */ = {isa = PBXBuildFile; fileRef = D1B45B5F24B05C41004FA0D3 /* LocationManager.swift */; };
		D1B45B6724B05C41004FA0D3 /* LocationManager.swift in Sources */ = {isa = PBXBuildFile; fileRef = D1B45B5F24B05C41004FA0D3 /* LocationManager.swift */; };
		D1B45B6B24B05C56004FA0D3 /* Bundle.swift in Sources */ = {isa = PBXBuildFile; fileRef = D1B45B6924B05C56004FA0D3 /* Bundle.swift */; };
		D1B45B6C24B05C56004FA0D3 /* Bundle.swift in Sources */ = {isa = PBXBuildFile; fileRef = D1B45B6924B05C56004FA0D3 /* Bundle.swift */; };
		D1B45B6D24B05C56004FA0D3 /* Date.swift in Sources */ = {isa = PBXBuildFile; fileRef = D1B45B6A24B05C56004FA0D3 /* Date.swift */; };
		D1B45B6E24B05C56004FA0D3 /* Date.swift in Sources */ = {isa = PBXBuildFile; fileRef = D1B45B6A24B05C56004FA0D3 /* Date.swift */; };
		D1B45B7124B05D40004FA0D3 /* PreviewGenerator.swift in Sources */ = {isa = PBXBuildFile; fileRef = D1B45B7024B05D40004FA0D3 /* PreviewGenerator.swift */; };
		D1B45B7924B05D92004FA0D3 /* TrackerRecorderViewModel.swift in Sources */ = {isa = PBXBuildFile; fileRef = D1B45B7324B05D92004FA0D3 /* TrackerRecorderViewModel.swift */; };
		D1B45B7A24B05D92004FA0D3 /* TrackerRecorderViewModel.swift in Sources */ = {isa = PBXBuildFile; fileRef = D1B45B7324B05D92004FA0D3 /* TrackerRecorderViewModel.swift */; };
		D1B45B7B24B05D92004FA0D3 /* SettingsViewModel.swift in Sources */ = {isa = PBXBuildFile; fileRef = D1B45B7424B05D92004FA0D3 /* SettingsViewModel.swift */; };
		D1B45B7C24B05D92004FA0D3 /* SettingsViewModel.swift in Sources */ = {isa = PBXBuildFile; fileRef = D1B45B7424B05D92004FA0D3 /* SettingsViewModel.swift */; };
		D1B45B8124B05D92004FA0D3 /* GPXListViewModel.swift in Sources */ = {isa = PBXBuildFile; fileRef = D1B45B7724B05D92004FA0D3 /* GPXListViewModel.swift */; };
		D1B45B8224B05D92004FA0D3 /* GPXListViewModel.swift in Sources */ = {isa = PBXBuildFile; fileRef = D1B45B7724B05D92004FA0D3 /* GPXListViewModel.swift */; };
		D1B45B8324B05D92004FA0D3 /* GPXViewModel.swift in Sources */ = {isa = PBXBuildFile; fileRef = D1B45B7824B05D92004FA0D3 /* GPXViewModel.swift */; };
		D1B45B8424B05D92004FA0D3 /* GPXViewModel.swift in Sources */ = {isa = PBXBuildFile; fileRef = D1B45B7824B05D92004FA0D3 /* GPXViewModel.swift */; };
		D1B45B8824B05DCD004FA0D3 /* DocumentPickerView.swift in Sources */ = {isa = PBXBuildFile; fileRef = D1B45B8624B05DCD004FA0D3 /* DocumentPickerView.swift */; };
		D1B45B8A24B05DCD004FA0D3 /* MapView.swift in Sources */ = {isa = PBXBuildFile; fileRef = D1B45B8724B05DCD004FA0D3 /* MapView.swift */; };
		D1B45B8B24B05DCD004FA0D3 /* MapView.swift in Sources */ = {isa = PBXBuildFile; fileRef = D1B45B8724B05DCD004FA0D3 /* MapView.swift */; };
		D1B45B9324B05DFA004FA0D3 /* TrackerRecorderView.swift in Sources */ = {isa = PBXBuildFile; fileRef = D1B45B8D24B05DFA004FA0D3 /* TrackerRecorderView.swift */; };
		D1B45B9524B05DFA004FA0D3 /* GPXDetailView.swift in Sources */ = {isa = PBXBuildFile; fileRef = D1B45B8E24B05DFA004FA0D3 /* GPXDetailView.swift */; };
		D1B45B9724B05DFA004FA0D3 /* GPXRow.swift in Sources */ = {isa = PBXBuildFile; fileRef = D1B45B8F24B05DFA004FA0D3 /* GPXRow.swift */; };
		D1B45B9924B05DFA004FA0D3 /* SettingsView.swift in Sources */ = {isa = PBXBuildFile; fileRef = D1B45B9024B05DFA004FA0D3 /* SettingsView.swift */; };
		D1B45B9D24B05DFA004FA0D3 /* GPXListView.swift in Sources */ = {isa = PBXBuildFile; fileRef = D1B45B9224B05DFA004FA0D3 /* GPXListView.swift */; };
		D1B45BA124B06156004FA0D3 /* Constant.swift in Sources */ = {isa = PBXBuildFile; fileRef = D1B45BA024B06156004FA0D3 /* Constant.swift */; };
		D1B45BA224B06156004FA0D3 /* Constant.swift in Sources */ = {isa = PBXBuildFile; fileRef = D1B45BA024B06156004FA0D3 /* Constant.swift */; };
		D1B45BA924B06DEA004FA0D3 /* GPXListView.swift in Sources */ = {isa = PBXBuildFile; fileRef = D1B45BA724B06DEA004FA0D3 /* GPXListView.swift */; };
		D1CC497B24C23F0000006E07 /* GPXEntity+CoreDataClass.swift in Sources */ = {isa = PBXBuildFile; fileRef = D1CC497124C23EFF00006E07 /* GPXEntity+CoreDataClass.swift */; };
		D1CC497C24C23F0000006E07 /* GPXEntity+CoreDataClass.swift in Sources */ = {isa = PBXBuildFile; fileRef = D1CC497124C23EFF00006E07 /* GPXEntity+CoreDataClass.swift */; };
		D1CC497D24C23F0000006E07 /* Track+CoreDataProperties.swift in Sources */ = {isa = PBXBuildFile; fileRef = D1CC497224C23EFF00006E07 /* Track+CoreDataProperties.swift */; };
		D1CC497E24C23F0000006E07 /* Track+CoreDataProperties.swift in Sources */ = {isa = PBXBuildFile; fileRef = D1CC497224C23EFF00006E07 /* Track+CoreDataProperties.swift */; };
		D1CC498124C23F0000006E07 /* Track+CoreDataClass.swift in Sources */ = {isa = PBXBuildFile; fileRef = D1CC497424C23EFF00006E07 /* Track+CoreDataClass.swift */; };
		D1CC498224C23F0000006E07 /* Track+CoreDataClass.swift in Sources */ = {isa = PBXBuildFile; fileRef = D1CC497424C23EFF00006E07 /* Track+CoreDataClass.swift */; };
		D1CC498324C23F0000006E07 /* Waypoint+CoreDataClass.swift in Sources */ = {isa = PBXBuildFile; fileRef = D1CC497524C23EFF00006E07 /* Waypoint+CoreDataClass.swift */; };
		D1CC498424C23F0000006E07 /* Waypoint+CoreDataClass.swift in Sources */ = {isa = PBXBuildFile; fileRef = D1CC497524C23EFF00006E07 /* Waypoint+CoreDataClass.swift */; };
		D1CC498524C23F0000006E07 /* TrackSegment+CoreDataProperties.swift in Sources */ = {isa = PBXBuildFile; fileRef = D1CC497624C23F0000006E07 /* TrackSegment+CoreDataProperties.swift */; };
		D1CC498624C23F0000006E07 /* TrackSegment+CoreDataProperties.swift in Sources */ = {isa = PBXBuildFile; fileRef = D1CC497624C23F0000006E07 /* TrackSegment+CoreDataProperties.swift */; };
		D1CC498724C23F0000006E07 /* Waypoint+CoreDataProperties.swift in Sources */ = {isa = PBXBuildFile; fileRef = D1CC497724C23F0000006E07 /* Waypoint+CoreDataProperties.swift */; };
		D1CC498824C23F0000006E07 /* Waypoint+CoreDataProperties.swift in Sources */ = {isa = PBXBuildFile; fileRef = D1CC497724C23F0000006E07 /* Waypoint+CoreDataProperties.swift */; };
		D1CC498B24C23F0000006E07 /* TrackSegment+CoreDataClass.swift in Sources */ = {isa = PBXBuildFile; fileRef = D1CC497924C23F0000006E07 /* TrackSegment+CoreDataClass.swift */; };
		D1CC498C24C23F0000006E07 /* TrackSegment+CoreDataClass.swift in Sources */ = {isa = PBXBuildFile; fileRef = D1CC497924C23F0000006E07 /* TrackSegment+CoreDataClass.swift */; };
		D1CC498D24C23F0000006E07 /* TrackPoint+CoreDataClass.swift in Sources */ = {isa = PBXBuildFile; fileRef = D1CC497A24C23F0000006E07 /* TrackPoint+CoreDataClass.swift */; };
		D1CC498E24C23F0000006E07 /* TrackPoint+CoreDataClass.swift in Sources */ = {isa = PBXBuildFile; fileRef = D1CC497A24C23F0000006E07 /* TrackPoint+CoreDataClass.swift */; };
		D1EE44B824C6E57300DED51E /* TrackPoint+CoreDataProperties copy.swift in Sources */ = {isa = PBXBuildFile; fileRef = D1EE44B724C6E57300DED51E /* TrackPoint+CoreDataProperties copy.swift */; };
		D1EE44B924C6E57300DED51E /* TrackPoint+CoreDataProperties copy.swift in Sources */ = {isa = PBXBuildFile; fileRef = D1EE44B724C6E57300DED51E /* TrackPoint+CoreDataProperties copy.swift */; };
/* End PBXBuildFile section */

/* Begin PBXContainerItemProxy section */
		D1B45B0D24B05B72004FA0D3 /* PBXContainerItemProxy */ = {
			isa = PBXContainerItemProxy;
			containerPortal = D1B45AF024B05B71004FA0D3 /* Project object */;
			proxyType = 1;
			remoteGlobalIDString = D1B45AFB24B05B72004FA0D3;
			remoteInfo = iOS;
		};
		D1B45B1824B05B72004FA0D3 /* PBXContainerItemProxy */ = {
			isa = PBXContainerItemProxy;
			containerPortal = D1B45AF024B05B71004FA0D3 /* Project object */;
			proxyType = 1;
			remoteGlobalIDString = D1B45B0324B05B72004FA0D3;
			remoteInfo = macOS;
		};
/* End PBXContainerItemProxy section */

/* Begin PBXFileReference section */
		D1157A4E24BE0E9E00C7AC8B /* ShareSheet.swift */ = {isa = PBXFileReference; lastKnownFileType = sourcecode.swift; path = ShareSheet.swift; sourceTree = "<group>"; };
		D149A7AA24B9ADE50051F9D5 /* GPXDetailView.swift */ = {isa = PBXFileReference; lastKnownFileType = sourcecode.swift; path = GPXDetailView.swift; sourceTree = "<group>"; };
		D14FEE1924D6B9A5005C449A /* MapPreviewView.swift */ = {isa = PBXFileReference; lastKnownFileType = sourcecode.swift; path = MapPreviewView.swift; sourceTree = "<group>"; };
		D163DE4624CC30FE00A74A56 /* PointProtocol.swift */ = {isa = PBXFileReference; lastKnownFileType = sourcecode.swift; path = PointProtocol.swift; sourceTree = "<group>"; };
		D163DE4A24D6030900A74A56 /* TabTopView.swift */ = {isa = PBXFileReference; lastKnownFileType = sourcecode.swift; path = TabTopView.swift; sourceTree = "<group>"; };
		D18D361A24BF6098009668DB /* CreateTrackerView.swift */ = {isa = PBXFileReference; lastKnownFileType = sourcecode.swift; path = CreateTrackerView.swift; sourceTree = "<group>"; };
		D19A168524C78D1D0031F031 /* GPXEntity+CoreDataProperties.swift */ = {isa = PBXFileReference; lastKnownFileType = sourcecode.swift; name = "GPXEntity+CoreDataProperties.swift"; path = "/Users/okomaristy/Work/GeoTracker-SwiftUI/Shared/CoreData/new/GPXEntity+CoreDataProperties.swift"; sourceTree = "<absolute>"; };
		D1B45AF524B05B71004FA0D3 /* GeoTracker_SwiftUIApp.swift */ = {isa = PBXFileReference; lastKnownFileType = sourcecode.swift; path = GeoTracker_SwiftUIApp.swift; sourceTree = "<group>"; };
		D1B45AF624B05B71004FA0D3 /* ContentView.swift */ = {isa = PBXFileReference; lastKnownFileType = sourcecode.swift; path = ContentView.swift; sourceTree = "<group>"; };
		D1B45AF724B05B72004FA0D3 /* Assets.xcassets */ = {isa = PBXFileReference; lastKnownFileType = folder.assetcatalog; path = Assets.xcassets; sourceTree = "<group>"; };
		D1B45AFC24B05B72004FA0D3 /* GeoTracker-SwiftUI.app */ = {isa = PBXFileReference; explicitFileType = wrapper.application; includeInIndex = 0; path = "GeoTracker-SwiftUI.app"; sourceTree = BUILT_PRODUCTS_DIR; };
		D1B45AFF24B05B72004FA0D3 /* Info.plist */ = {isa = PBXFileReference; lastKnownFileType = text.plist.xml; path = Info.plist; sourceTree = "<group>"; };
		D1B45B0424B05B72004FA0D3 /* GeoTracker-SwiftUI.app */ = {isa = PBXFileReference; explicitFileType = wrapper.application; includeInIndex = 0; path = "GeoTracker-SwiftUI.app"; sourceTree = BUILT_PRODUCTS_DIR; };
		D1B45B0624B05B72004FA0D3 /* Info.plist */ = {isa = PBXFileReference; lastKnownFileType = text.plist.xml; path = Info.plist; sourceTree = "<group>"; };
		D1B45B0724B05B72004FA0D3 /* macOS.entitlements */ = {isa = PBXFileReference; lastKnownFileType = text.plist.entitlements; path = macOS.entitlements; sourceTree = "<group>"; };
		D1B45B0C24B05B72004FA0D3 /* Tests iOS.xctest */ = {isa = PBXFileReference; explicitFileType = wrapper.cfbundle; includeInIndex = 0; path = "Tests iOS.xctest"; sourceTree = BUILT_PRODUCTS_DIR; };
		D1B45B1024B05B72004FA0D3 /* Tests_iOS.swift */ = {isa = PBXFileReference; lastKnownFileType = sourcecode.swift; path = Tests_iOS.swift; sourceTree = "<group>"; };
		D1B45B1224B05B72004FA0D3 /* Info.plist */ = {isa = PBXFileReference; lastKnownFileType = text.plist.xml; path = Info.plist; sourceTree = "<group>"; };
		D1B45B1724B05B72004FA0D3 /* Tests macOS.xctest */ = {isa = PBXFileReference; explicitFileType = wrapper.cfbundle; includeInIndex = 0; path = "Tests macOS.xctest"; sourceTree = BUILT_PRODUCTS_DIR; };
		D1B45B1B24B05B72004FA0D3 /* Tests_macOS.swift */ = {isa = PBXFileReference; lastKnownFileType = sourcecode.swift; path = Tests_macOS.swift; sourceTree = "<group>"; };
		D1B45B1D24B05B72004FA0D3 /* Info.plist */ = {isa = PBXFileReference; lastKnownFileType = text.plist.xml; path = Info.plist; sourceTree = "<group>"; };
		D1B45B4824B05C09004FA0D3 /* getlocation.xcdatamodel */ = {isa = PBXFileReference; lastKnownFileType = wrapper.xcdatamodel; path = getlocation.xcdatamodel; sourceTree = "<group>"; };
		D1B45B5C24B05C41004FA0D3 /* TrackerRecordManager.swift */ = {isa = PBXFileReference; fileEncoding = 4; lastKnownFileType = sourcecode.swift; path = TrackerRecordManager.swift; sourceTree = "<group>"; };
		D1B45B5D24B05C41004FA0D3 /* GPXParseManager.swift */ = {isa = PBXFileReference; fileEncoding = 4; lastKnownFileType = sourcecode.swift; path = GPXParseManager.swift; sourceTree = "<group>"; };
		D1B45B5E24B05C41004FA0D3 /* CoreDataManager.swift */ = {isa = PBXFileReference; fileEncoding = 4; lastKnownFileType = sourcecode.swift; path = CoreDataManager.swift; sourceTree = "<group>"; };
		D1B45B5F24B05C41004FA0D3 /* LocationManager.swift */ = {isa = PBXFileReference; fileEncoding = 4; lastKnownFileType = sourcecode.swift; path = LocationManager.swift; sourceTree = "<group>"; };
		D1B45B6924B05C56004FA0D3 /* Bundle.swift */ = {isa = PBXFileReference; fileEncoding = 4; lastKnownFileType = sourcecode.swift; path = Bundle.swift; sourceTree = "<group>"; };
		D1B45B6A24B05C56004FA0D3 /* Date.swift */ = {isa = PBXFileReference; fileEncoding = 4; lastKnownFileType = sourcecode.swift; path = Date.swift; sourceTree = "<group>"; };
		D1B45B7024B05D40004FA0D3 /* PreviewGenerator.swift */ = {isa = PBXFileReference; fileEncoding = 4; lastKnownFileType = sourcecode.swift; path = PreviewGenerator.swift; sourceTree = "<group>"; };
		D1B45B7324B05D92004FA0D3 /* TrackerRecorderViewModel.swift */ = {isa = PBXFileReference; fileEncoding = 4; lastKnownFileType = sourcecode.swift; path = TrackerRecorderViewModel.swift; sourceTree = "<group>"; };
		D1B45B7424B05D92004FA0D3 /* SettingsViewModel.swift */ = {isa = PBXFileReference; fileEncoding = 4; lastKnownFileType = sourcecode.swift; path = SettingsViewModel.swift; sourceTree = "<group>"; };
		D1B45B7724B05D92004FA0D3 /* GPXListViewModel.swift */ = {isa = PBXFileReference; fileEncoding = 4; lastKnownFileType = sourcecode.swift; path = GPXListViewModel.swift; sourceTree = "<group>"; };
		D1B45B7824B05D92004FA0D3 /* GPXViewModel.swift */ = {isa = PBXFileReference; fileEncoding = 4; lastKnownFileType = sourcecode.swift; path = GPXViewModel.swift; sourceTree = "<group>"; };
		D1B45B8624B05DCD004FA0D3 /* DocumentPickerView.swift */ = {isa = PBXFileReference; fileEncoding = 4; lastKnownFileType = sourcecode.swift; path = DocumentPickerView.swift; sourceTree = "<group>"; };
		D1B45B8724B05DCD004FA0D3 /* MapView.swift */ = {isa = PBXFileReference; fileEncoding = 4; lastKnownFileType = sourcecode.swift; path = MapView.swift; sourceTree = "<group>"; };
		D1B45B8D24B05DFA004FA0D3 /* TrackerRecorderView.swift */ = {isa = PBXFileReference; fileEncoding = 4; lastKnownFileType = sourcecode.swift; path = TrackerRecorderView.swift; sourceTree = "<group>"; };
		D1B45B8E24B05DFA004FA0D3 /* GPXDetailView.swift */ = {isa = PBXFileReference; fileEncoding = 4; lastKnownFileType = sourcecode.swift; path = GPXDetailView.swift; sourceTree = "<group>"; };
		D1B45B8F24B05DFA004FA0D3 /* GPXRow.swift */ = {isa = PBXFileReference; fileEncoding = 4; lastKnownFileType = sourcecode.swift; path = GPXRow.swift; sourceTree = "<group>"; };
		D1B45B9024B05DFA004FA0D3 /* SettingsView.swift */ = {isa = PBXFileReference; fileEncoding = 4; lastKnownFileType = sourcecode.swift; path = SettingsView.swift; sourceTree = "<group>"; };
		D1B45B9224B05DFA004FA0D3 /* GPXListView.swift */ = {isa = PBXFileReference; fileEncoding = 4; lastKnownFileType = sourcecode.swift; path = GPXListView.swift; sourceTree = "<group>"; };
		D1B45BA024B06156004FA0D3 /* Constant.swift */ = {isa = PBXFileReference; fileEncoding = 4; lastKnownFileType = sourcecode.swift; path = Constant.swift; sourceTree = "<group>"; };
		D1B45BA724B06DEA004FA0D3 /* GPXListView.swift */ = {isa = PBXFileReference; lastKnownFileType = sourcecode.swift; path = GPXListView.swift; sourceTree = "<group>"; };
		D1CC497124C23EFF00006E07 /* GPXEntity+CoreDataClass.swift */ = {isa = PBXFileReference; fileEncoding = 4; lastKnownFileType = sourcecode.swift; path = "GPXEntity+CoreDataClass.swift"; sourceTree = "<group>"; };
		D1CC497224C23EFF00006E07 /* Track+CoreDataProperties.swift */ = {isa = PBXFileReference; fileEncoding = 4; lastKnownFileType = sourcecode.swift; path = "Track+CoreDataProperties.swift"; sourceTree = "<group>"; };
		D1CC497424C23EFF00006E07 /* Track+CoreDataClass.swift */ = {isa = PBXFileReference; fileEncoding = 4; lastKnownFileType = sourcecode.swift; path = "Track+CoreDataClass.swift"; sourceTree = "<group>"; };
		D1CC497524C23EFF00006E07 /* Waypoint+CoreDataClass.swift */ = {isa = PBXFileReference; fileEncoding = 4; lastKnownFileType = sourcecode.swift; path = "Waypoint+CoreDataClass.swift"; sourceTree = "<group>"; };
		D1CC497624C23F0000006E07 /* TrackSegment+CoreDataProperties.swift */ = {isa = PBXFileReference; fileEncoding = 4; lastKnownFileType = sourcecode.swift; path = "TrackSegment+CoreDataProperties.swift"; sourceTree = "<group>"; };
		D1CC497724C23F0000006E07 /* Waypoint+CoreDataProperties.swift */ = {isa = PBXFileReference; fileEncoding = 4; lastKnownFileType = sourcecode.swift; path = "Waypoint+CoreDataProperties.swift"; sourceTree = "<group>"; };
		D1CC497924C23F0000006E07 /* TrackSegment+CoreDataClass.swift */ = {isa = PBXFileReference; fileEncoding = 4; lastKnownFileType = sourcecode.swift; path = "TrackSegment+CoreDataClass.swift"; sourceTree = "<group>"; };
		D1CC497A24C23F0000006E07 /* TrackPoint+CoreDataClass.swift */ = {isa = PBXFileReference; fileEncoding = 4; lastKnownFileType = sourcecode.swift; path = "TrackPoint+CoreDataClass.swift"; sourceTree = "<group>"; };
		D1EE44B724C6E57300DED51E /* TrackPoint+CoreDataProperties copy.swift */ = {isa = PBXFileReference; fileEncoding = 4; lastKnownFileType = sourcecode.swift; path = "TrackPoint+CoreDataProperties copy.swift"; sourceTree = "<group>"; };
/* End PBXFileReference section */

/* Begin PBXFrameworksBuildPhase section */
		D1B45AF924B05B72004FA0D3 /* Frameworks */ = {
			isa = PBXFrameworksBuildPhase;
			buildActionMask = 2147483647;
			files = (
				D1A6A2B0251F823900995952 /* CoreGPX in Frameworks */,
			);
			runOnlyForDeploymentPostprocessing = 0;
		};
		D1B45B0124B05B72004FA0D3 /* Frameworks */ = {
			isa = PBXFrameworksBuildPhase;
			buildActionMask = 2147483647;
			files = (
				D1A6A2B7251F825800995952 /* CoreGPX in Frameworks */,
			);
			runOnlyForDeploymentPostprocessing = 0;
		};
		D1B45B0924B05B72004FA0D3 /* Frameworks */ = {
			isa = PBXFrameworksBuildPhase;
			buildActionMask = 2147483647;
			files = (
			);
			runOnlyForDeploymentPostprocessing = 0;
		};
		D1B45B1424B05B72004FA0D3 /* Frameworks */ = {
			isa = PBXFrameworksBuildPhase;
			buildActionMask = 2147483647;
			files = (
			);
			runOnlyForDeploymentPostprocessing = 0;
		};
/* End PBXFrameworksBuildPhase section */

/* Begin PBXGroup section */
		D163DE4924CC310500A74A56 /* Protocols */ = {
			isa = PBXGroup;
			children = (
				D163DE4624CC30FE00A74A56 /* PointProtocol.swift */,
			);
			path = Protocols;
			sourceTree = "<group>";
		};
		D1A6A2B5251F825800995952 /* Frameworks */ = {
			isa = PBXGroup;
			children = (
			);
			name = Frameworks;
			sourceTree = "<group>";
		};
		D1B45AEF24B05B71004FA0D3 = {
			isa = PBXGroup;
			children = (
				D1B45AF424B05B71004FA0D3 /* Shared */,
				D1B45AFE24B05B72004FA0D3 /* iOS */,
				D1B45B0524B05B72004FA0D3 /* macOS */,
				D1B45B0F24B05B72004FA0D3 /* Tests iOS */,
				D1B45B1A24B05B72004FA0D3 /* Tests macOS */,
				D1B45AFD24B05B72004FA0D3 /* Products */,
				D1A6A2B5251F825800995952 /* Frameworks */,
			);
			sourceTree = "<group>";
		};
		D1B45AF424B05B71004FA0D3 /* Shared */ = {
			isa = PBXGroup;
			children = (
				D1B45BA024B06156004FA0D3 /* Constant.swift */,
				D1B45AF624B05B71004FA0D3 /* ContentView.swift */,
				D1B45AF524B05B71004FA0D3 /* GeoTracker_SwiftUIApp.swift */,
				D1B45AF724B05B72004FA0D3 /* Assets.xcassets */,
				D1B45B5B24B05C19004FA0D3 /* CoreData */,
				D1B45B6F24B05C5A004FA0D3 /* Extensions */,
				D1B45B6824B05C49004FA0D3 /* Managers */,
				D1B45BA624B06678004FA0D3 /* Supporting Views */,
				D1B45B8524B05D99004FA0D3 /* ViewModels */,
				D163DE4924CC310500A74A56 /* Protocols */,
			);
			path = Shared;
			sourceTree = "<group>";
		};
		D1B45AFD24B05B72004FA0D3 /* Products */ = {
			isa = PBXGroup;
			children = (
				D1B45AFC24B05B72004FA0D3 /* GeoTracker-SwiftUI.app */,
				D1B45B0424B05B72004FA0D3 /* GeoTracker-SwiftUI.app */,
				D1B45B0C24B05B72004FA0D3 /* Tests iOS.xctest */,
				D1B45B1724B05B72004FA0D3 /* Tests macOS.xctest */,
			);
			name = Products;
			sourceTree = "<group>";
		};
		D1B45AFE24B05B72004FA0D3 /* iOS */ = {
			isa = PBXGroup;
			children = (
				D1B45AFF24B05B72004FA0D3 /* Info.plist */,
				D1B45B7024B05D40004FA0D3 /* PreviewGenerator.swift */,
				D1B45B8C24B05DDA004FA0D3 /* Supporting Views */,
				D1B45B9F24B05E01004FA0D3 /* Views */,
			);
			path = iOS;
			sourceTree = "<group>";
		};
		D1B45B0524B05B72004FA0D3 /* macOS */ = {
			isa = PBXGroup;
			children = (
				D1B45B0624B05B72004FA0D3 /* Info.plist */,
				D1B45B0724B05B72004FA0D3 /* macOS.entitlements */,
				D1B45BA724B06DEA004FA0D3 /* GPXListView.swift */,
				D149A7AA24B9ADE50051F9D5 /* GPXDetailView.swift */,
			);
			path = macOS;
			sourceTree = "<group>";
		};
		D1B45B0F24B05B72004FA0D3 /* Tests iOS */ = {
			isa = PBXGroup;
			children = (
				D1B45B1024B05B72004FA0D3 /* Tests_iOS.swift */,
				D1B45B1224B05B72004FA0D3 /* Info.plist */,
			);
			path = "Tests iOS";
			sourceTree = "<group>";
		};
		D1B45B1A24B05B72004FA0D3 /* Tests macOS */ = {
			isa = PBXGroup;
			children = (
				D1B45B1B24B05B72004FA0D3 /* Tests_macOS.swift */,
				D1B45B1D24B05B72004FA0D3 /* Info.plist */,
			);
			path = "Tests macOS";
			sourceTree = "<group>";
		};
		D1B45B5B24B05C19004FA0D3 /* CoreData */ = {
			isa = PBXGroup;
			children = (
				D1CC497124C23EFF00006E07 /* GPXEntity+CoreDataClass.swift */,
				D19A168524C78D1D0031F031 /* GPXEntity+CoreDataProperties.swift */,
				D1CC497424C23EFF00006E07 /* Track+CoreDataClass.swift */,
				D1CC497224C23EFF00006E07 /* Track+CoreDataProperties.swift */,
				D1CC497A24C23F0000006E07 /* TrackPoint+CoreDataClass.swift */,
				D1EE44B724C6E57300DED51E /* TrackPoint+CoreDataProperties copy.swift */,
				D1CC497924C23F0000006E07 /* TrackSegment+CoreDataClass.swift */,
				D1CC497624C23F0000006E07 /* TrackSegment+CoreDataProperties.swift */,
				D1CC497524C23EFF00006E07 /* Waypoint+CoreDataClass.swift */,
				D1CC497724C23F0000006E07 /* Waypoint+CoreDataProperties.swift */,
				D1B45B4724B05C09004FA0D3 /* TrackerDataModel.xcdatamodeld */,
			);
			path = CoreData;
			sourceTree = "<group>";
		};
		D1B45B6824B05C49004FA0D3 /* Managers */ = {
			isa = PBXGroup;
			children = (
				D1B45B5E24B05C41004FA0D3 /* CoreDataManager.swift */,
				D1B45B5D24B05C41004FA0D3 /* GPXParseManager.swift */,
				D1B45B5F24B05C41004FA0D3 /* LocationManager.swift */,
				D1B45B5C24B05C41004FA0D3 /* TrackerRecordManager.swift */,
			);
			path = Managers;
			sourceTree = "<group>";
		};
		D1B45B6F24B05C5A004FA0D3 /* Extensions */ = {
			isa = PBXGroup;
			children = (
				D1B45B6924B05C56004FA0D3 /* Bundle.swift */,
				D1B45B6A24B05C56004FA0D3 /* Date.swift */,
			);
			path = Extensions;
			sourceTree = "<group>";
		};
		D1B45B8524B05D99004FA0D3 /* ViewModels */ = {
			isa = PBXGroup;
			children = (
				D1B45B7424B05D92004FA0D3 /* SettingsViewModel.swift */,
				D1B45B7724B05D92004FA0D3 /* GPXListViewModel.swift */,
				D1B45B7324B05D92004FA0D3 /* TrackerRecorderViewModel.swift */,
				D1B45B7824B05D92004FA0D3 /* GPXViewModel.swift */,
			);
			path = ViewModels;
			sourceTree = "<group>";
		};
		D1B45B8C24B05DDA004FA0D3 /* Supporting Views */ = {
			isa = PBXGroup;
			children = (
				D1B45B8624B05DCD004FA0D3 /* DocumentPickerView.swift */,
				D1157A4E24BE0E9E00C7AC8B /* ShareSheet.swift */,
				D163DE4A24D6030900A74A56 /* TabTopView.swift */,
				D14FEE1924D6B9A5005C449A /* MapPreviewView.swift */,
			);
			path = "Supporting Views";
			sourceTree = "<group>";
		};
		D1B45B9F24B05E01004FA0D3 /* Views */ = {
			isa = PBXGroup;
			children = (
				D1B45B9024B05DFA004FA0D3 /* SettingsView.swift */,
				D1B45B8E24B05DFA004FA0D3 /* GPXDetailView.swift */,
				D1B45B9224B05DFA004FA0D3 /* GPXListView.swift */,
				D1B45B8D24B05DFA004FA0D3 /* TrackerRecorderView.swift */,
				D1B45B8F24B05DFA004FA0D3 /* GPXRow.swift */,
				D18D361A24BF6098009668DB /* CreateTrackerView.swift */,
			);
			path = Views;
			sourceTree = "<group>";
		};
		D1B45BA624B06678004FA0D3 /* Supporting Views */ = {
			isa = PBXGroup;
			children = (
				D1B45B8724B05DCD004FA0D3 /* MapView.swift */,
			);
			path = "Supporting Views";
			sourceTree = "<group>";
		};
/* End PBXGroup section */

/* Begin PBXNativeTarget section */
		D1B45AFB24B05B72004FA0D3 /* iOS */ = {
			isa = PBXNativeTarget;
			buildConfigurationList = D1B45B2624B05B72004FA0D3 /* Build configuration list for PBXNativeTarget "iOS" */;
			buildPhases = (
				D1B45AF824B05B72004FA0D3 /* Sources */,
				D1B45AF924B05B72004FA0D3 /* Frameworks */,
				D1B45AFA24B05B72004FA0D3 /* Resources */,
			);
			buildRules = (
			);
			dependencies = (
			);
			name = iOS;
			packageProductDependencies = (
				D1A6A2AF251F823900995952 /* CoreGPX */,
			);
			productName = iOS;
			productReference = D1B45AFC24B05B72004FA0D3 /* GeoTracker-SwiftUI.app */;
			productType = "com.apple.product-type.application";
		};
		D1B45B0324B05B72004FA0D3 /* macOS */ = {
			isa = PBXNativeTarget;
			buildConfigurationList = D1B45B2924B05B72004FA0D3 /* Build configuration list for PBXNativeTarget "macOS" */;
			buildPhases = (
				D1B45B0024B05B72004FA0D3 /* Sources */,
				D1B45B0124B05B72004FA0D3 /* Frameworks */,
				D1B45B0224B05B72004FA0D3 /* Resources */,
			);
			buildRules = (
			);
			dependencies = (
			);
			name = macOS;
			packageProductDependencies = (
				D1A6A2B6251F825800995952 /* CoreGPX */,
			);
			productName = macOS;
			productReference = D1B45B0424B05B72004FA0D3 /* GeoTracker-SwiftUI.app */;
			productType = "com.apple.product-type.application";
		};
		D1B45B0B24B05B72004FA0D3 /* Tests iOS */ = {
			isa = PBXNativeTarget;
			buildConfigurationList = D1B45B2C24B05B72004FA0D3 /* Build configuration list for PBXNativeTarget "Tests iOS" */;
			buildPhases = (
				D1B45B0824B05B72004FA0D3 /* Sources */,
				D1B45B0924B05B72004FA0D3 /* Frameworks */,
				D1B45B0A24B05B72004FA0D3 /* Resources */,
			);
			buildRules = (
			);
			dependencies = (
				D1B45B0E24B05B72004FA0D3 /* PBXTargetDependency */,
			);
			name = "Tests iOS";
			productName = "Tests iOS";
			productReference = D1B45B0C24B05B72004FA0D3 /* Tests iOS.xctest */;
			productType = "com.apple.product-type.bundle.ui-testing";
		};
		D1B45B1624B05B72004FA0D3 /* Tests macOS */ = {
			isa = PBXNativeTarget;
			buildConfigurationList = D1B45B2F24B05B72004FA0D3 /* Build configuration list for PBXNativeTarget "Tests macOS" */;
			buildPhases = (
				D1B45B1324B05B72004FA0D3 /* Sources */,
				D1B45B1424B05B72004FA0D3 /* Frameworks */,
				D1B45B1524B05B72004FA0D3 /* Resources */,
			);
			buildRules = (
			);
			dependencies = (
				D1B45B1924B05B72004FA0D3 /* PBXTargetDependency */,
			);
			name = "Tests macOS";
			productName = "Tests macOS";
			productReference = D1B45B1724B05B72004FA0D3 /* Tests macOS.xctest */;
			productType = "com.apple.product-type.bundle.ui-testing";
		};
/* End PBXNativeTarget section */

/* Begin PBXProject section */
		D1B45AF024B05B71004FA0D3 /* Project object */ = {
			isa = PBXProject;
			attributes = {
				LastSwiftUpdateCheck = 1200;
				LastUpgradeCheck = 1200;
				TargetAttributes = {
					D1B45AFB24B05B72004FA0D3 = {
						CreatedOnToolsVersion = 12.0;
					};
					D1B45B0324B05B72004FA0D3 = {
						CreatedOnToolsVersion = 12.0;
					};
					D1B45B0B24B05B72004FA0D3 = {
						CreatedOnToolsVersion = 12.0;
						TestTargetID = D1B45AFB24B05B72004FA0D3;
					};
					D1B45B1624B05B72004FA0D3 = {
						CreatedOnToolsVersion = 12.0;
						TestTargetID = D1B45B0324B05B72004FA0D3;
					};
				};
			};
			buildConfigurationList = D1B45AF324B05B71004FA0D3 /* Build configuration list for PBXProject "GeoTracker-SwiftUI" */;
			compatibilityVersion = "Xcode 9.3";
			developmentRegion = en;
			hasScannedForEncodings = 0;
			knownRegions = (
				en,
				Base,
			);
			mainGroup = D1B45AEF24B05B71004FA0D3;
			packageReferences = (
				D1A6A2AE251F823900995952 /* XCRemoteSwiftPackageReference "CoreGPX" */,
			);
			productRefGroup = D1B45AFD24B05B72004FA0D3 /* Products */;
			projectDirPath = "";
			projectRoot = "";
			targets = (
				D1B45AFB24B05B72004FA0D3 /* iOS */,
				D1B45B0324B05B72004FA0D3 /* macOS */,
				D1B45B0B24B05B72004FA0D3 /* Tests iOS */,
				D1B45B1624B05B72004FA0D3 /* Tests macOS */,
			);
		};
/* End PBXProject section */

/* Begin PBXResourcesBuildPhase section */
		D1B45AFA24B05B72004FA0D3 /* Resources */ = {
			isa = PBXResourcesBuildPhase;
			buildActionMask = 2147483647;
			files = (
				D1B45B2224B05B72004FA0D3 /* Assets.xcassets in Resources */,
			);
			runOnlyForDeploymentPostprocessing = 0;
		};
		D1B45B0224B05B72004FA0D3 /* Resources */ = {
			isa = PBXResourcesBuildPhase;
			buildActionMask = 2147483647;
			files = (
				D1B45B2324B05B72004FA0D3 /* Assets.xcassets in Resources */,
			);
			runOnlyForDeploymentPostprocessing = 0;
		};
		D1B45B0A24B05B72004FA0D3 /* Resources */ = {
			isa = PBXResourcesBuildPhase;
			buildActionMask = 2147483647;
			files = (
			);
			runOnlyForDeploymentPostprocessing = 0;
		};
		D1B45B1524B05B72004FA0D3 /* Resources */ = {
			isa = PBXResourcesBuildPhase;
			buildActionMask = 2147483647;
			files = (
			);
			runOnlyForDeploymentPostprocessing = 0;
		};
/* End PBXResourcesBuildPhase section */

/* Begin PBXSourcesBuildPhase section */
		D1B45AF824B05B72004FA0D3 /* Sources */ = {
			isa = PBXSourcesBuildPhase;
			buildActionMask = 2147483647;
			files = (
				D1B45B4F24B05C0A004FA0D3 /* TrackerDataModel.xcdatamodeld in Sources */,
				D1157A4F24BE0E9E00C7AC8B /* ShareSheet.swift in Sources */,
				D1B45B8824B05DCD004FA0D3 /* DocumentPickerView.swift in Sources */,
				D1B45B6B24B05C56004FA0D3 /* Bundle.swift in Sources */,
				D1B45B9524B05DFA004FA0D3 /* GPXDetailView.swift in Sources */,
				D1CC498D24C23F0000006E07 /* TrackPoint+CoreDataClass.swift in Sources */,
				D1B45B2024B05B72004FA0D3 /* ContentView.swift in Sources */,
				D1CC497B24C23F0000006E07 /* GPXEntity+CoreDataClass.swift in Sources */,
				D1B45B8124B05D92004FA0D3 /* GPXListViewModel.swift in Sources */,
				D19A168624C78D1D0031F031 /* GPXEntity+CoreDataProperties.swift in Sources */,
				D1B45B8A24B05DCD004FA0D3 /* MapView.swift in Sources */,
				D1B45B8324B05D92004FA0D3 /* GPXViewModel.swift in Sources */,
				D1B45B7924B05D92004FA0D3 /* TrackerRecorderViewModel.swift in Sources */,
				D1B45B7B24B05D92004FA0D3 /* SettingsViewModel.swift in Sources */,
				D18D361B24BF6098009668DB /* CreateTrackerView.swift in Sources */,
				D1B45B6024B05C41004FA0D3 /* TrackerRecordManager.swift in Sources */,
				D1EE44B824C6E57300DED51E /* TrackPoint+CoreDataProperties copy.swift in Sources */,
				D1B45BA124B06156004FA0D3 /* Constant.swift in Sources */,
				D1CC498124C23F0000006E07 /* Track+CoreDataClass.swift in Sources */,
				D1CC497D24C23F0000006E07 /* Track+CoreDataProperties.swift in Sources */,
				D163DE4B24D6030900A74A56 /* TabTopView.swift in Sources */,
				D1B45B9D24B05DFA004FA0D3 /* GPXListView.swift in Sources */,
				D1B45B6224B05C41004FA0D3 /* GPXParseManager.swift in Sources */,
				D1B45B6D24B05C56004FA0D3 /* Date.swift in Sources */,
				D1CC498524C23F0000006E07 /* TrackSegment+CoreDataProperties.swift in Sources */,
				D1CC498324C23F0000006E07 /* Waypoint+CoreDataClass.swift in Sources */,
				D1B45B9324B05DFA004FA0D3 /* TrackerRecorderView.swift in Sources */,
				D1B45B9724B05DFA004FA0D3 /* GPXRow.swift in Sources */,
				D1CC498724C23F0000006E07 /* Waypoint+CoreDataProperties.swift in Sources */,
				D1B45B6624B05C41004FA0D3 /* LocationManager.swift in Sources */,
				D163DE4724CC30FE00A74A56 /* PointProtocol.swift in Sources */,
				D1B45B9924B05DFA004FA0D3 /* SettingsView.swift in Sources */,
				D1B45B7124B05D40004FA0D3 /* PreviewGenerator.swift in Sources */,
				D1B45B1E24B05B72004FA0D3 /* GeoTracker_SwiftUIApp.swift in Sources */,
				D14FEE1A24D6B9A5005C449A /* MapPreviewView.swift in Sources */,
				D1CC498B24C23F0000006E07 /* TrackSegment+CoreDataClass.swift in Sources */,
				D1B45B6424B05C41004FA0D3 /* CoreDataManager.swift in Sources */,
			);
			runOnlyForDeploymentPostprocessing = 0;
		};
		D1B45B0024B05B72004FA0D3 /* Sources */ = {
			isa = PBXSourcesBuildPhase;
			buildActionMask = 2147483647;
			files = (
				D1B45B5024B05C0A004FA0D3 /* TrackerDataModel.xcdatamodeld in Sources */,
				D1B45B6C24B05C56004FA0D3 /* Bundle.swift in Sources */,
				D1CC497E24C23F0000006E07 /* Track+CoreDataProperties.swift in Sources */,
				D149A7AB24B9ADE50051F9D5 /* GPXDetailView.swift in Sources */,
				D163DE4824CC30FE00A74A56 /* PointProtocol.swift in Sources */,
				D1B45B2124B05B72004FA0D3 /* ContentView.swift in Sources */,
				D1B45B8224B05D92004FA0D3 /* GPXListViewModel.swift in Sources */,
				D1CC498C24C23F0000006E07 /* TrackSegment+CoreDataClass.swift in Sources */,
				D1B45B8B24B05DCD004FA0D3 /* MapView.swift in Sources */,
				D1B45B8424B05D92004FA0D3 /* GPXViewModel.swift in Sources */,
				D1CC498224C23F0000006E07 /* Track+CoreDataClass.swift in Sources */,
				D1CC498424C23F0000006E07 /* Waypoint+CoreDataClass.swift in Sources */,
				D1B45B7A24B05D92004FA0D3 /* TrackerRecorderViewModel.swift in Sources */,
				D1CC498624C23F0000006E07 /* TrackSegment+CoreDataProperties.swift in Sources */,
				D1B45B7C24B05D92004FA0D3 /* SettingsViewModel.swift in Sources */,
				D1CC497C24C23F0000006E07 /* GPXEntity+CoreDataClass.swift in Sources */,
				D1B45B6124B05C41004FA0D3 /* TrackerRecordManager.swift in Sources */,
				D1B45BA224B06156004FA0D3 /* Constant.swift in Sources */,
				D1CC498824C23F0000006E07 /* Waypoint+CoreDataProperties.swift in Sources */,
				D1B45B6324B05C41004FA0D3 /* GPXParseManager.swift in Sources */,
				D1B45B6E24B05C56004FA0D3 /* Date.swift in Sources */,
				D19A168724C78D1D0031F031 /* GPXEntity+CoreDataProperties.swift in Sources */,
				D1EE44B924C6E57300DED51E /* TrackPoint+CoreDataProperties copy.swift in Sources */,
				D1B45B6724B05C41004FA0D3 /* LocationManager.swift in Sources */,
				D1B45BA924B06DEA004FA0D3 /* GPXListView.swift in Sources */,
				D1CC498E24C23F0000006E07 /* TrackPoint+CoreDataClass.swift in Sources */,
				D1B45B1F24B05B72004FA0D3 /* GeoTracker_SwiftUIApp.swift in Sources */,
				D1B45B6524B05C41004FA0D3 /* CoreDataManager.swift in Sources */,
			);
			runOnlyForDeploymentPostprocessing = 0;
		};
		D1B45B0824B05B72004FA0D3 /* Sources */ = {
			isa = PBXSourcesBuildPhase;
			buildActionMask = 2147483647;
			files = (
				D1B45B1124B05B72004FA0D3 /* Tests_iOS.swift in Sources */,
			);
			runOnlyForDeploymentPostprocessing = 0;
		};
		D1B45B1324B05B72004FA0D3 /* Sources */ = {
			isa = PBXSourcesBuildPhase;
			buildActionMask = 2147483647;
			files = (
				D1B45B1C24B05B72004FA0D3 /* Tests_macOS.swift in Sources */,
			);
			runOnlyForDeploymentPostprocessing = 0;
		};
/* End PBXSourcesBuildPhase section */

/* Begin PBXTargetDependency section */
		D1B45B0E24B05B72004FA0D3 /* PBXTargetDependency */ = {
			isa = PBXTargetDependency;
			target = D1B45AFB24B05B72004FA0D3 /* iOS */;
			targetProxy = D1B45B0D24B05B72004FA0D3 /* PBXContainerItemProxy */;
		};
		D1B45B1924B05B72004FA0D3 /* PBXTargetDependency */ = {
			isa = PBXTargetDependency;
			target = D1B45B0324B05B72004FA0D3 /* macOS */;
			targetProxy = D1B45B1824B05B72004FA0D3 /* PBXContainerItemProxy */;
		};
/* End PBXTargetDependency section */

/* Begin XCBuildConfiguration section */
		D1B45B2424B05B72004FA0D3 /* Debug */ = {
			isa = XCBuildConfiguration;
			buildSettings = {
				ALWAYS_SEARCH_USER_PATHS = NO;
				CLANG_ANALYZER_NONNULL = YES;
				CLANG_ANALYZER_NUMBER_OBJECT_CONVERSION = YES_AGGRESSIVE;
				CLANG_CXX_LANGUAGE_STANDARD = "gnu++14";
				CLANG_CXX_LIBRARY = "libc++";
				CLANG_ENABLE_MODULES = YES;
				CLANG_ENABLE_OBJC_ARC = YES;
				CLANG_ENABLE_OBJC_WEAK = YES;
				CLANG_WARN_BLOCK_CAPTURE_AUTORELEASING = YES;
				CLANG_WARN_BOOL_CONVERSION = YES;
				CLANG_WARN_COMMA = YES;
				CLANG_WARN_CONSTANT_CONVERSION = YES;
				CLANG_WARN_DEPRECATED_OBJC_IMPLEMENTATIONS = YES;
				CLANG_WARN_DIRECT_OBJC_ISA_USAGE = YES_ERROR;
				CLANG_WARN_DOCUMENTATION_COMMENTS = YES;
				CLANG_WARN_EMPTY_BODY = YES;
				CLANG_WARN_ENUM_CONVERSION = YES;
				CLANG_WARN_INFINITE_RECURSION = YES;
				CLANG_WARN_INT_CONVERSION = YES;
				CLANG_WARN_NON_LITERAL_NULL_CONVERSION = YES;
				CLANG_WARN_OBJC_IMPLICIT_RETAIN_SELF = YES;
				CLANG_WARN_OBJC_LITERAL_CONVERSION = YES;
				CLANG_WARN_OBJC_ROOT_CLASS = YES_ERROR;
				CLANG_WARN_QUOTED_INCLUDE_IN_FRAMEWORK_HEADER = YES;
				CLANG_WARN_RANGE_LOOP_ANALYSIS = YES;
				CLANG_WARN_STRICT_PROTOTYPES = YES;
				CLANG_WARN_SUSPICIOUS_MOVE = YES;
				CLANG_WARN_UNGUARDED_AVAILABILITY = YES_AGGRESSIVE;
				CLANG_WARN_UNREACHABLE_CODE = YES;
				CLANG_WARN__DUPLICATE_METHOD_MATCH = YES;
				COPY_PHASE_STRIP = NO;
				DEBUG_INFORMATION_FORMAT = dwarf;
				ENABLE_STRICT_OBJC_MSGSEND = YES;
				ENABLE_TESTABILITY = YES;
				GCC_C_LANGUAGE_STANDARD = gnu11;
				GCC_DYNAMIC_NO_PIC = NO;
				GCC_NO_COMMON_BLOCKS = YES;
				GCC_OPTIMIZATION_LEVEL = 0;
				GCC_PREPROCESSOR_DEFINITIONS = (
					"DEBUG=1",
					"$(inherited)",
				);
				GCC_WARN_64_TO_32_BIT_CONVERSION = YES;
				GCC_WARN_ABOUT_RETURN_TYPE = YES_ERROR;
				GCC_WARN_UNDECLARED_SELECTOR = YES;
				GCC_WARN_UNINITIALIZED_AUTOS = YES_AGGRESSIVE;
				GCC_WARN_UNUSED_FUNCTION = YES;
				GCC_WARN_UNUSED_VARIABLE = YES;
				MTL_ENABLE_DEBUG_INFO = INCLUDE_SOURCE;
				MTL_FAST_MATH = YES;
				ONLY_ACTIVE_ARCH = YES;
				SWIFT_ACTIVE_COMPILATION_CONDITIONS = DEBUG;
				SWIFT_OPTIMIZATION_LEVEL = "-Onone";
			};
			name = Debug;
		};
		D1B45B2524B05B72004FA0D3 /* Release */ = {
			isa = XCBuildConfiguration;
			buildSettings = {
				ALWAYS_SEARCH_USER_PATHS = NO;
				CLANG_ANALYZER_NONNULL = YES;
				CLANG_ANALYZER_NUMBER_OBJECT_CONVERSION = YES_AGGRESSIVE;
				CLANG_CXX_LANGUAGE_STANDARD = "gnu++14";
				CLANG_CXX_LIBRARY = "libc++";
				CLANG_ENABLE_MODULES = YES;
				CLANG_ENABLE_OBJC_ARC = YES;
				CLANG_ENABLE_OBJC_WEAK = YES;
				CLANG_WARN_BLOCK_CAPTURE_AUTORELEASING = YES;
				CLANG_WARN_BOOL_CONVERSION = YES;
				CLANG_WARN_COMMA = YES;
				CLANG_WARN_CONSTANT_CONVERSION = YES;
				CLANG_WARN_DEPRECATED_OBJC_IMPLEMENTATIONS = YES;
				CLANG_WARN_DIRECT_OBJC_ISA_USAGE = YES_ERROR;
				CLANG_WARN_DOCUMENTATION_COMMENTS = YES;
				CLANG_WARN_EMPTY_BODY = YES;
				CLANG_WARN_ENUM_CONVERSION = YES;
				CLANG_WARN_INFINITE_RECURSION = YES;
				CLANG_WARN_INT_CONVERSION = YES;
				CLANG_WARN_NON_LITERAL_NULL_CONVERSION = YES;
				CLANG_WARN_OBJC_IMPLICIT_RETAIN_SELF = YES;
				CLANG_WARN_OBJC_LITERAL_CONVERSION = YES;
				CLANG_WARN_OBJC_ROOT_CLASS = YES_ERROR;
				CLANG_WARN_QUOTED_INCLUDE_IN_FRAMEWORK_HEADER = YES;
				CLANG_WARN_RANGE_LOOP_ANALYSIS = YES;
				CLANG_WARN_STRICT_PROTOTYPES = YES;
				CLANG_WARN_SUSPICIOUS_MOVE = YES;
				CLANG_WARN_UNGUARDED_AVAILABILITY = YES_AGGRESSIVE;
				CLANG_WARN_UNREACHABLE_CODE = YES;
				CLANG_WARN__DUPLICATE_METHOD_MATCH = YES;
				COPY_PHASE_STRIP = NO;
				DEBUG_INFORMATION_FORMAT = "dwarf-with-dsym";
				ENABLE_NS_ASSERTIONS = NO;
				ENABLE_STRICT_OBJC_MSGSEND = YES;
				GCC_C_LANGUAGE_STANDARD = gnu11;
				GCC_NO_COMMON_BLOCKS = YES;
				GCC_WARN_64_TO_32_BIT_CONVERSION = YES;
				GCC_WARN_ABOUT_RETURN_TYPE = YES_ERROR;
				GCC_WARN_UNDECLARED_SELECTOR = YES;
				GCC_WARN_UNINITIALIZED_AUTOS = YES_AGGRESSIVE;
				GCC_WARN_UNUSED_FUNCTION = YES;
				GCC_WARN_UNUSED_VARIABLE = YES;
				MTL_ENABLE_DEBUG_INFO = NO;
				MTL_FAST_MATH = YES;
				SWIFT_COMPILATION_MODE = wholemodule;
				SWIFT_OPTIMIZATION_LEVEL = "-O";
			};
			name = Release;
		};
		D1B45B2724B05B72004FA0D3 /* Debug */ = {
			isa = XCBuildConfiguration;
			buildSettings = {
				ASSETCATALOG_COMPILER_APPICON_NAME = AppIcon;
				ASSETCATALOG_COMPILER_GLOBAL_ACCENT_COLOR_NAME = AccentColor;
				CODE_SIGN_STYLE = Automatic;
				DEVELOPMENT_TEAM = 97A6BHXBQU;
				ENABLE_PREVIEWS = YES;
				INFOPLIST_FILE = iOS/Info.plist;
				IPHONEOS_DEPLOYMENT_TARGET = 14.0;
				LD_RUNPATH_SEARCH_PATHS = (
					"$(inherited)",
					"@executable_path/Frameworks",
				);
				PRODUCT_BUNDLE_IDENTIFIER = "com.darthroid.GeoTracker-SwiftUI";
				PRODUCT_NAME = "GeoTracker-SwiftUI";
				SDKROOT = iphoneos;
				SWIFT_VERSION = 5.0;
				TARGETED_DEVICE_FAMILY = "1,2";
			};
			name = Debug;
		};
		D1B45B2824B05B72004FA0D3 /* Release */ = {
			isa = XCBuildConfiguration;
			buildSettings = {
				ASSETCATALOG_COMPILER_APPICON_NAME = AppIcon;
				ASSETCATALOG_COMPILER_GLOBAL_ACCENT_COLOR_NAME = AccentColor;
				CODE_SIGN_STYLE = Automatic;
				DEVELOPMENT_TEAM = 97A6BHXBQU;
				ENABLE_PREVIEWS = YES;
				INFOPLIST_FILE = iOS/Info.plist;
				IPHONEOS_DEPLOYMENT_TARGET = 14.0;
				LD_RUNPATH_SEARCH_PATHS = (
					"$(inherited)",
					"@executable_path/Frameworks",
				);
				PRODUCT_BUNDLE_IDENTIFIER = "com.darthroid.GeoTracker-SwiftUI";
				PRODUCT_NAME = "GeoTracker-SwiftUI";
				SDKROOT = iphoneos;
				SWIFT_VERSION = 5.0;
				TARGETED_DEVICE_FAMILY = "1,2";
				VALIDATE_PRODUCT = YES;
			};
			name = Release;
		};
		D1B45B2A24B05B72004FA0D3 /* Debug */ = {
			isa = XCBuildConfiguration;
			buildSettings = {
				ASSETCATALOG_COMPILER_APPICON_NAME = AppIcon;
				ASSETCATALOG_COMPILER_GLOBAL_ACCENT_COLOR_NAME = AccentColor;
				CODE_SIGN_ENTITLEMENTS = macOS/macOS.entitlements;
				CODE_SIGN_STYLE = Automatic;
				COMBINE_HIDPI_IMAGES = YES;
				DEVELOPMENT_TEAM = 97A6BHXBQU;
				ENABLE_HARDENED_RUNTIME = YES;
				ENABLE_PREVIEWS = YES;
				INFOPLIST_FILE = macOS/Info.plist;
				LD_RUNPATH_SEARCH_PATHS = (
					"$(inherited)",
					"@executable_path/../Frameworks",
				);
				MACOSX_DEPLOYMENT_TARGET = 10.16;
				PRODUCT_BUNDLE_IDENTIFIER = "com.darthroid.GeoTracker-SwiftUI";
				PRODUCT_NAME = "GeoTracker-SwiftUI";
				SDKROOT = macosx;
				SWIFT_VERSION = 5.0;
			};
			name = Debug;
		};
		D1B45B2B24B05B72004FA0D3 /* Release */ = {
			isa = XCBuildConfiguration;
			buildSettings = {
				ASSETCATALOG_COMPILER_APPICON_NAME = AppIcon;
				ASSETCATALOG_COMPILER_GLOBAL_ACCENT_COLOR_NAME = AccentColor;
				CODE_SIGN_ENTITLEMENTS = macOS/macOS.entitlements;
				CODE_SIGN_STYLE = Automatic;
				COMBINE_HIDPI_IMAGES = YES;
				DEVELOPMENT_TEAM = 97A6BHXBQU;
				ENABLE_HARDENED_RUNTIME = YES;
				ENABLE_PREVIEWS = YES;
				INFOPLIST_FILE = macOS/Info.plist;
				LD_RUNPATH_SEARCH_PATHS = (
					"$(inherited)",
					"@executable_path/../Frameworks",
				);
				MACOSX_DEPLOYMENT_TARGET = 10.16;
				PRODUCT_BUNDLE_IDENTIFIER = "com.darthroid.GeoTracker-SwiftUI";
				PRODUCT_NAME = "GeoTracker-SwiftUI";
				SDKROOT = macosx;
				SWIFT_VERSION = 5.0;
			};
			name = Release;
		};
		D1B45B2D24B05B72004FA0D3 /* Debug */ = {
			isa = XCBuildConfiguration;
			buildSettings = {
				ALWAYS_EMBED_SWIFT_STANDARD_LIBRARIES = YES;
				CODE_SIGN_STYLE = Automatic;
				DEVELOPMENT_TEAM = 97A6BHXBQU;
				INFOPLIST_FILE = "Tests iOS/Info.plist";
				IPHONEOS_DEPLOYMENT_TARGET = 14.0;
				LD_RUNPATH_SEARCH_PATHS = (
					"$(inherited)",
					"@executable_path/Frameworks",
					"@loader_path/Frameworks",
				);
				PRODUCT_BUNDLE_IDENTIFIER = "com.darthroid.Tests-iOS";
				PRODUCT_NAME = "$(TARGET_NAME)";
				SDKROOT = iphoneos;
				SWIFT_VERSION = 5.0;
				TARGETED_DEVICE_FAMILY = "1,2";
				TEST_TARGET_NAME = iOS;
			};
			name = Debug;
		};
		D1B45B2E24B05B72004FA0D3 /* Release */ = {
			isa = XCBuildConfiguration;
			buildSettings = {
				ALWAYS_EMBED_SWIFT_STANDARD_LIBRARIES = YES;
				CODE_SIGN_STYLE = Automatic;
				DEVELOPMENT_TEAM = 97A6BHXBQU;
				INFOPLIST_FILE = "Tests iOS/Info.plist";
				IPHONEOS_DEPLOYMENT_TARGET = 14.0;
				LD_RUNPATH_SEARCH_PATHS = (
					"$(inherited)",
					"@executable_path/Frameworks",
					"@loader_path/Frameworks",
				);
				PRODUCT_BUNDLE_IDENTIFIER = "com.darthroid.Tests-iOS";
				PRODUCT_NAME = "$(TARGET_NAME)";
				SDKROOT = iphoneos;
				SWIFT_VERSION = 5.0;
				TARGETED_DEVICE_FAMILY = "1,2";
				TEST_TARGET_NAME = iOS;
				VALIDATE_PRODUCT = YES;
			};
			name = Release;
		};
		D1B45B3024B05B72004FA0D3 /* Debug */ = {
			isa = XCBuildConfiguration;
			buildSettings = {
				ALWAYS_EMBED_SWIFT_STANDARD_LIBRARIES = YES;
				CODE_SIGN_STYLE = Automatic;
				COMBINE_HIDPI_IMAGES = YES;
				DEVELOPMENT_TEAM = 97A6BHXBQU;
				INFOPLIST_FILE = "Tests macOS/Info.plist";
				LD_RUNPATH_SEARCH_PATHS = (
					"$(inherited)",
					"@executable_path/../Frameworks",
					"@loader_path/../Frameworks",
				);
				MACOSX_DEPLOYMENT_TARGET = 10.15;
				PRODUCT_BUNDLE_IDENTIFIER = "com.darthroid.Tests-macOS";
				PRODUCT_NAME = "$(TARGET_NAME)";
				SDKROOT = macosx;
				SWIFT_VERSION = 5.0;
				TEST_TARGET_NAME = macOS;
			};
			name = Debug;
		};
		D1B45B3124B05B72004FA0D3 /* Release */ = {
			isa = XCBuildConfiguration;
			buildSettings = {
				ALWAYS_EMBED_SWIFT_STANDARD_LIBRARIES = YES;
				CODE_SIGN_STYLE = Automatic;
				COMBINE_HIDPI_IMAGES = YES;
				DEVELOPMENT_TEAM = 97A6BHXBQU;
				INFOPLIST_FILE = "Tests macOS/Info.plist";
				LD_RUNPATH_SEARCH_PATHS = (
					"$(inherited)",
					"@executable_path/../Frameworks",
					"@loader_path/../Frameworks",
				);
				MACOSX_DEPLOYMENT_TARGET = 10.15;
				PRODUCT_BUNDLE_IDENTIFIER = "com.darthroid.Tests-macOS";
				PRODUCT_NAME = "$(TARGET_NAME)";
				SDKROOT = macosx;
				SWIFT_VERSION = 5.0;
				TEST_TARGET_NAME = macOS;
			};
			name = Release;
		};
/* End XCBuildConfiguration section */

/* Begin XCConfigurationList section */
		D1B45AF324B05B71004FA0D3 /* Build configuration list for PBXProject "GeoTracker-SwiftUI" */ = {
			isa = XCConfigurationList;
			buildConfigurations = (
				D1B45B2424B05B72004FA0D3 /* Debug */,
				D1B45B2524B05B72004FA0D3 /* Release */,
			);
			defaultConfigurationIsVisible = 0;
			defaultConfigurationName = Release;
		};
		D1B45B2624B05B72004FA0D3 /* Build configuration list for PBXNativeTarget "iOS" */ = {
			isa = XCConfigurationList;
			buildConfigurations = (
				D1B45B2724B05B72004FA0D3 /* Debug */,
				D1B45B2824B05B72004FA0D3 /* Release */,
			);
			defaultConfigurationIsVisible = 0;
			defaultConfigurationName = Release;
		};
		D1B45B2924B05B72004FA0D3 /* Build configuration list for PBXNativeTarget "macOS" */ = {
			isa = XCConfigurationList;
			buildConfigurations = (
				D1B45B2A24B05B72004FA0D3 /* Debug */,
				D1B45B2B24B05B72004FA0D3 /* Release */,
			);
			defaultConfigurationIsVisible = 0;
			defaultConfigurationName = Release;
		};
		D1B45B2C24B05B72004FA0D3 /* Build configuration list for PBXNativeTarget "Tests iOS" */ = {
			isa = XCConfigurationList;
			buildConfigurations = (
				D1B45B2D24B05B72004FA0D3 /* Debug */,
				D1B45B2E24B05B72004FA0D3 /* Release */,
			);
			defaultConfigurationIsVisible = 0;
			defaultConfigurationName = Release;
		};
		D1B45B2F24B05B72004FA0D3 /* Build configuration list for PBXNativeTarget "Tests macOS" */ = {
			isa = XCConfigurationList;
			buildConfigurations = (
				D1B45B3024B05B72004FA0D3 /* Debug */,
				D1B45B3124B05B72004FA0D3 /* Release */,
			);
			defaultConfigurationIsVisible = 0;
			defaultConfigurationName = Release;
		};
/* End XCConfigurationList section */

/* Begin XCRemoteSwiftPackageReference section */
		D1A6A2AE251F823900995952 /* XCRemoteSwiftPackageReference "CoreGPX" */ = {
			isa = XCRemoteSwiftPackageReference;
			repositoryURL = "https://github.com/vincentneo/CoreGPX";
			requirement = {
				kind = upToNextMajorVersion;
				minimumVersion = 0.8.0;
			};
		};
/* End XCRemoteSwiftPackageReference section */

/* Begin XCSwiftPackageProductDependency section */
		D1A6A2AF251F823900995952 /* CoreGPX */ = {
			isa = XCSwiftPackageProductDependency;
			package = D1A6A2AE251F823900995952 /* XCRemoteSwiftPackageReference "CoreGPX" */;
			productName = CoreGPX;
		};
		D1A6A2B6251F825800995952 /* CoreGPX */ = {
			isa = XCSwiftPackageProductDependency;
			package = D1A6A2AE251F823900995952 /* XCRemoteSwiftPackageReference "CoreGPX" */;
			productName = CoreGPX;
		};
/* End XCSwiftPackageProductDependency section */

/* Begin XCVersionGroup section */
		D1B45B4724B05C09004FA0D3 /* TrackerDataModel.xcdatamodeld */ = {
			isa = XCVersionGroup;
			children = (
				D1B45B4824B05C09004FA0D3 /* getlocation.xcdatamodel */,
			);
			currentVersion = D1B45B4824B05C09004FA0D3 /* getlocation.xcdatamodel */;
			path = TrackerDataModel.xcdatamodeld;
			sourceTree = "<group>";
			versionGroupType = wrapper.xcdatamodel;
		};
/* End XCVersionGroup section */
	};
	rootObject = D1B45AF024B05B71004FA0D3 /* Project object */;
}
